
Microsoft Visual Studio Solution File, Format Version 12.00
# Visual Studio Version 17
VisualStudioVersion = 17.0.31903.59
MinimumVisualStudioVersion = 10.0.40219.1
Project("{FAE04EC0-301F-11D3-BF4B-00C04F79EFBC}") = "RateAlerts.Api", "backend\RateAlerts.Api.csproj", "{73368C8D-F615-47FE-9900-BF6575243CAD}"
EndProject
Project("{2150E333-8FDC-42A3-9474-1A3956D46DE8}") = "tests", "tests", "{75B59839-B5EE-4A38-BC03-42E020BA074A}"
EndProject
Project("{FAE04EC0-301F-11D3-BF4B-00C04F79EFBC}") = "RateAlerts.Api.Tests", "tests\RateAlerts.Api.Tests\RateAlerts.Api.Tests.csproj", "{397741B8-CA86-4DFB-B2AE-1EBB9612485D}"
EndProject
Global
	GlobalSection(SolutionConfigurationPlatforms) = preSolution
		Debug|Any CPU = Debug|Any CPU
		Release|Any CPU = Release|Any CPU
	EndGlobalSection
	GlobalSection(SolutionProperties) = preSolution
		HideSolutionNode = FALSE
	EndGlobalSection
	GlobalSection(ProjectConfigurationPlatforms) = postSolution
		{73368C8D-F615-47FE-9900-BF6575243CAD}.Debug|Any CPU.ActiveCfg = Debug|Any CPU
		{73368C8D-F615-47FE-9900-BF6575243CAD}.Debug|Any CPU.Build.0 = Debug|Any CPU
		{73368C8D-F615-47FE-9900-BF6575243CAD}.Release|Any CPU.ActiveCfg = Release|Any CPU
		{73368C8D-F615-47FE-9900-BF6575243CAD}.Release|Any CPU.Build.0 = Release|Any CPU
		{397741B8-CA86-4DFB-B2AE-1EBB9612485D}.Debug|Any CPU.ActiveCfg = Debug|Any CPU
		{397741B8-CA86-4DFB-B2AE-1EBB9612485D}.Debug|Any CPU.Build.0 = Debug|Any CPU
		{397741B8-CA86-4DFB-B2AE-1EBB9612485D}.Release|Any CPU.ActiveCfg = Release|Any CPU
		{397741B8-CA86-4DFB-B2AE-1EBB9612485D}.Release|Any CPU.Build.0 = Release|Any CPU
	EndGlobalSection
	GlobalSection(NestedProjects) = preSolution
		{397741B8-CA86-4DFB-B2AE-1EBB9612485D} = {75B59839-B5EE-4A38-BC03-42E020BA074A}
	EndGlobalSection
EndGlobal
